
Microsoft Visual Studio Solution File, Format Version 12.00
# Visual Studio Version 17
VisualStudioVersion = 17.14.36811.4 d17.14
MinimumVisualStudioVersion = 10.0.40219.1
Project("{FAE04EC0-301F-11D3-BF4B-00C04F79EFBC}") = "TestFinal", "TestFinal.csproj", "{C5E7CC77-614A-4AE4-A78E-E6ED6F4FFB0E}"
EndProject
Project("{FAE04EC0-301F-11D3-BF4B-00C04F79EFBC}") = "TestFinal.Tests", "..\TestFinal.Tests\TestFinal.Tests.csproj", "{50913EEB-43D9-4385-81CC-23319016BE59}"
EndProject
Global
	GlobalSection(SolutionConfigurationPlatforms) = preSolution
		Debug|Any CPU = Debug|Any CPU
		Release|Any CPU = Release|Any CPU
	EndGlobalSection
	GlobalSection(ProjectConfigurationPlatforms) = postSolution
		{C5E7CC77-614A-4AE4-A78E-E6ED6F4FFB0E}.Debug|Any CPU.ActiveCfg = Debug|Any CPU
		{C5E7CC77-614A-4AE4-A78E-E6ED6F4FFB0E}.Debug|Any CPU.Build.0 = Debug|Any CPU
		{C5E7CC77-614A-4AE4-A78E-E6ED6F4FFB0E}.Release|Any CPU.ActiveCfg = Release|Any CPU
		{C5E7CC77-614A-4AE4-A78E-E6ED6F4FFB0E}.Release|Any CPU.Build.0 = Release|Any CPU
		{50913EEB-43D9-4385-81CC-23319016BE59}.Debug|Any CPU.ActiveCfg = Debug|Any CPU
		{50913EEB-43D9-4385-81CC-23319016BE59}.Debug|Any CPU.Build.0 = Debug|Any CPU
		{50913EEB-43D9-4385-81CC-23319016BE59}.Release|Any CPU.ActiveCfg = Release|Any CPU
		{50913EEB-43D9-4385-81CC-23319016BE59}.Release|Any CPU.Build.0 = Release|Any CPU
	EndGlobalSection
	GlobalSection(SolutionProperties) = preSolution
		HideSolutionNode = FALSE
	EndGlobalSection
	GlobalSection(ExtensibilityGlobals) = postSolution
		SolutionGuid = {2EE70E1A-9F01-4400-AE34-D5BFB7862A4E}
	EndGlobalSection
EndGlobal
